// !$*UTF8*$!
{
	archiveVersion = 1;
	classes = {
	};
	objectVersion = 46;
	objects = {

/* Begin PBXBuildFile section */
		1E413D9715A0FA9600620BFE /* MainMenu.xib in Resources */ = {isa = PBXBuildFile; fileRef = 1E413D9915A0FA9600620BFE /* MainMenu.xib */; };
		1E93590D152388E100F51DBD /* HockeySDKMacDemoAppDelegate.m in Sources */ = {isa = PBXBuildFile; fileRef = 1E93590C152388E100F51DBD /* HockeySDKMacDemoAppDelegate.m */; };
		1EB6127D102B787100B206A7 /* main.m in Sources */ = {isa = PBXBuildFile; fileRef = 1EB6127C102B787100B206A7 /* main.m */; };
		1EB61442102B8BEE00B206A7 /* Foundation.framework in Frameworks */ = {isa = PBXBuildFile; fileRef = 0867D69BFE84028FC02AAC07 /* Foundation.framework */; };
		1EB61462102B8C4400B206A7 /* AppKit.framework in Frameworks */ = {isa = PBXBuildFile; fileRef = 0867D6A5FE840307C02AAC07 /* AppKit.framework */; };
		1EFDACB11538AC4400591303 /* HockeySDK.framework in Frameworks */ = {isa = PBXBuildFile; fileRef = 1EFDACAF1538AC3800591303 /* HockeySDK.framework */; };
		1EFDACB21538AC4D00591303 /* HockeySDK.framework in CopyFiles */ = {isa = PBXBuildFile; fileRef = 1EFDACAF1538AC3800591303 /* HockeySDK.framework */; };
/* End PBXBuildFile section */

/* Begin PBXContainerItemProxy section */
		1EFDACAE1538AC3800591303 /* PBXContainerItemProxy */ = {
			isa = PBXContainerItemProxy;
			containerPortal = 1EFDACA71538AC3800591303 /* HockeySDK.xcodeproj */;
			proxyType = 2;
			remoteGlobalIDString = 1EF09D8C1523574200067A5C;
			remoteInfo = HockeySDK;
		};
/* End PBXContainerItemProxy section */

/* Begin PBXCopyFilesBuildPhase section */
		1EB612EB102B817100B206A7 /* CopyFiles */ = {
			isa = PBXCopyFilesBuildPhase;
			buildActionMask = 2147483647;
			dstPath = "";
			dstSubfolderSpec = 10;
			files = (
				1EFDACB21538AC4D00591303 /* HockeySDK.framework in CopyFiles */,
			);
			runOnlyForDeploymentPostprocessing = 0;
		};
/* End PBXCopyFilesBuildPhase section */

/* Begin PBXFileReference section */
		0867D69BFE84028FC02AAC07 /* Foundation.framework */ = {isa = PBXFileReference; lastKnownFileType = wrapper.framework; name = Foundation.framework; path = /System/Library/Frameworks/Foundation.framework; sourceTree = "<absolute>"; };
		0867D6A5FE840307C02AAC07 /* AppKit.framework */ = {isa = PBXFileReference; lastKnownFileType = wrapper.framework; name = AppKit.framework; path = /System/Library/Frameworks/AppKit.framework; sourceTree = "<absolute>"; };
		1058C7B1FEA5585E11CA2CBB /* Cocoa.framework */ = {isa = PBXFileReference; lastKnownFileType = wrapper.framework; name = Cocoa.framework; path = /System/Library/Frameworks/Cocoa.framework; sourceTree = "<absolute>"; };
		1E413D9815A0FA9600620BFE /* en */ = {isa = PBXFileReference; lastKnownFileType = file.xib; name = en; path = en.lproj/MainMenu.xib; sourceTree = "<group>"; };
		1E935903152388B800F51DBD /* HockeySDKMacDemo_Prefix.pch */ = {isa = PBXFileReference; fileEncoding = 4; lastKnownFileType = sourcecode.c.h; name = HockeySDKMacDemo_Prefix.pch; path = Resources/HockeySDKMacDemo_Prefix.pch; sourceTree = "<group>"; };
		1E935904152388B800F51DBD /* HockeySDKMacDemo-Info.plist */ = {isa = PBXFileReference; fileEncoding = 4; lastKnownFileType = text.plist.xml; name = "HockeySDKMacDemo-Info.plist"; path = "Resources/HockeySDKMacDemo-Info.plist"; sourceTree = "<group>"; };
		1E93590B152388E100F51DBD /* HockeySDKMacDemoAppDelegate.h */ = {isa = PBXFileReference; fileEncoding = 4; lastKnownFileType = sourcecode.c.h; name = HockeySDKMacDemoAppDelegate.h; path = Classes/HockeySDKMacDemoAppDelegate.h; sourceTree = "<group>"; };
		1E93590C152388E100F51DBD /* HockeySDKMacDemoAppDelegate.m */ = {isa = PBXFileReference; fileEncoding = 4; lastKnownFileType = sourcecode.c.objc; name = HockeySDKMacDemoAppDelegate.m; path = Classes/HockeySDKMacDemoAppDelegate.m; sourceTree = "<group>"; };
		1EB61267102B779200B206A7 /* HockeySDKMacDemo.app */ = {isa = PBXFileReference; explicitFileType = wrapper.application; includeInIndex = 0; path = HockeySDKMacDemo.app; sourceTree = BUILT_PRODUCTS_DIR; };
		1EB6127C102B787100B206A7 /* main.m */ = {isa = PBXFileReference; fileEncoding = 4; lastKnownFileType = sourcecode.c.objc; path = main.m; sourceTree = "<group>"; };
		1EFDACA71538AC3800591303 /* HockeySDK.xcodeproj */ = {isa = PBXFileReference; lastKnownFileType = "wrapper.pb-project"; name = HockeySDK.xcodeproj; path = Vendor/HockeySDK/Support/HockeySDK.xcodeproj; sourceTree = "<group>"; };
/* End PBXFileReference section */

/* Begin PBXFrameworksBuildPhase section */
		1EB61265102B779200B206A7 /* Frameworks */ = {
			isa = PBXFrameworksBuildPhase;
			buildActionMask = 2147483647;
			files = (
				1EFDACB11538AC4400591303 /* HockeySDK.framework in Frameworks */,
				1EB61442102B8BEE00B206A7 /* Foundation.framework in Frameworks */,
				1EB61462102B8C4400B206A7 /* AppKit.framework in Frameworks */,
			);
			runOnlyForDeploymentPostprocessing = 0;
		};
/* End PBXFrameworksBuildPhase section */

/* Begin PBXGroup section */
		034768DFFF38A50411DB9C8B /* Products */ = {
			isa = PBXGroup;
			children = (
				1EB61267102B779200B206A7 /* HockeySDKMacDemo.app */,
			);
			name = Products;
			sourceTree = "<group>";
		};
		0867D691FE84028FC02AAC07 /* crashReporter */ = {
			isa = PBXGroup;
			children = (
				08FB77AEFE84172EC02AAC07 /* Classes */,
				32C88DFF0371C24200C91783 /* Other Sources */,
				089C1665FE841158C02AAC07 /* Resources */,
				1E935908152388CF00F51DBD /* Vendor */,
				0867D69AFE84028FC02AAC07 /* External Frameworks and Libraries */,
				034768DFFF38A50411DB9C8B /* Products */,
				1EFDACA71538AC3800591303 /* HockeySDK.xcodeproj */,
			);
			name = crashReporter;
			sourceTree = "<group>";
		};
		0867D69AFE84028FC02AAC07 /* External Frameworks and Libraries */ = {
			isa = PBXGroup;
			children = (
				1058C7B0FEA5585E11CA2CBB /* Linked Frameworks */,
				1058C7B2FEA5585E11CA2CBB /* Other Frameworks */,
			);
			name = "External Frameworks and Libraries";
			sourceTree = "<group>";
		};
		089C1665FE841158C02AAC07 /* Resources */ = {
			isa = PBXGroup;
			children = (
				1E935903152388B800F51DBD /* HockeySDKMacDemo_Prefix.pch */,
				1E935904152388B800F51DBD /* HockeySDKMacDemo-Info.plist */,
				1E413D9915A0FA9600620BFE /* MainMenu.xib */,
			);
			name = Resources;
			sourceTree = "<group>";
		};
		08FB77AEFE84172EC02AAC07 /* Classes */ = {
			isa = PBXGroup;
			children = (
				1E93590B152388E100F51DBD /* HockeySDKMacDemoAppDelegate.h */,
				1E93590C152388E100F51DBD /* HockeySDKMacDemoAppDelegate.m */,
			);
			name = Classes;
			sourceTree = "<group>";
		};
		1058C7B0FEA5585E11CA2CBB /* Linked Frameworks */ = {
			isa = PBXGroup;
			children = (
				1058C7B1FEA5585E11CA2CBB /* Cocoa.framework */,
			);
			name = "Linked Frameworks";
			sourceTree = "<group>";
		};
		1058C7B2FEA5585E11CA2CBB /* Other Frameworks */ = {
			isa = PBXGroup;
			children = (
				0867D6A5FE840307C02AAC07 /* AppKit.framework */,
				0867D69BFE84028FC02AAC07 /* Foundation.framework */,
			);
			name = "Other Frameworks";
			sourceTree = "<group>";
		};
		1E935908152388CF00F51DBD /* Vendor */ = {
			isa = PBXGroup;
			children = (
			);
			path = Vendor;
			sourceTree = "<group>";
		};
		1EFDACA81538AC3800591303 /* Products */ = {
			isa = PBXGroup;
			children = (
				1EFDACAF1538AC3800591303 /* HockeySDK.framework */,
			);
			name = Products;
			sourceTree = "<group>";
		};
		32C88DFF0371C24200C91783 /* Other Sources */ = {
			isa = PBXGroup;
			children = (
				1EB6127C102B787100B206A7 /* main.m */,
			);
			name = "Other Sources";
			sourceTree = "<group>";
		};
/* End PBXGroup section */

/* Begin PBXNativeTarget section */
		1EB61266102B779200B206A7 /* HockeySDKMacDemo */ = {
			isa = PBXNativeTarget;
			buildConfigurationList = 1EB6126C102B779300B206A7 /* Build configuration list for PBXNativeTarget "HockeySDKMacDemo" */;
			buildPhases = (
				1EB612EB102B817100B206A7 /* CopyFiles */,
				1EB61263102B779200B206A7 /* Resources */,
				1EB61264102B779200B206A7 /* Sources */,
				1EB61265102B779200B206A7 /* Frameworks */,
			);
			buildRules = (
			);
			dependencies = (
			);
			name = HockeySDKMacDemo;
			productName = "HockeySDK-Mac-Demo";
			productReference = 1EB61267102B779200B206A7 /* HockeySDKMacDemo.app */;
			productType = "com.apple.product-type.application";
		};
/* End PBXNativeTarget section */

/* Begin PBXProject section */
		0867D690FE84028FC02AAC07 /* Project object */ = {
			isa = PBXProject;
			attributes = {
				LastUpgradeCheck = 0430;
			};
			buildConfigurationList = 1DEB91B108733DA50010E9CD /* Build configuration list for PBXProject "HockeySDKMacDemo" */;
			compatibilityVersion = "Xcode 3.2";
			developmentRegion = English;
			hasScannedForEncodings = 1;
			knownRegions = (
				English,
				Japanese,
				French,
				German,
				Italian,
				de,
			);
			mainGroup = 0867D691FE84028FC02AAC07 /* crashReporter */;
			productRefGroup = 034768DFFF38A50411DB9C8B /* Products */;
			projectDirPath = "";
			projectReferences = (
				{
					ProductGroup = 1EFDACA81538AC3800591303 /* Products */;
					ProjectRef = 1EFDACA71538AC3800591303 /* HockeySDK.xcodeproj */;
				},
			);
			projectRoot = "";
			targets = (
				1EB61266102B779200B206A7 /* HockeySDKMacDemo */,
			);
		};
/* End PBXProject section */

/* Begin PBXReferenceProxy section */
		1EFDACAF1538AC3800591303 /* HockeySDK.framework */ = {
			isa = PBXReferenceProxy;
			fileType = wrapper.framework;
			path = HockeySDK.framework;
			remoteRef = 1EFDACAE1538AC3800591303 /* PBXContainerItemProxy */;
			sourceTree = BUILT_PRODUCTS_DIR;
		};
/* End PBXReferenceProxy section */

/* Begin PBXResourcesBuildPhase section */
		1EB61263102B779200B206A7 /* Resources */ = {
			isa = PBXResourcesBuildPhase;
			buildActionMask = 2147483647;
			files = (
				1E413D9715A0FA9600620BFE /* MainMenu.xib in Resources */,
			);
			runOnlyForDeploymentPostprocessing = 0;
		};
/* End PBXResourcesBuildPhase section */

/* Begin PBXSourcesBuildPhase section */
		1EB61264102B779200B206A7 /* Sources */ = {
			isa = PBXSourcesBuildPhase;
			buildActionMask = 2147483647;
			files = (
				1EB6127D102B787100B206A7 /* main.m in Sources */,
				1E93590D152388E100F51DBD /* HockeySDKMacDemoAppDelegate.m in Sources */,
			);
			runOnlyForDeploymentPostprocessing = 0;
		};
/* End PBXSourcesBuildPhase section */

/* Begin PBXVariantGroup section */
		1E413D9915A0FA9600620BFE /* MainMenu.xib */ = {
			isa = PBXVariantGroup;
			children = (
				1E413D9815A0FA9600620BFE /* en */,
			);
			name = MainMenu.xib;
			path = Resources;
			sourceTree = "<group>";
		};
/* End PBXVariantGroup section */

/* Begin XCBuildConfiguration section */
		1DEB91B208733DA50010E9CD /* Debug */ = {
			isa = XCBuildConfiguration;
			buildSettings = {
				ARCHS = "$(ARCHS_STANDARD_32_64_BIT)";
				DEBUG_INFORMATION_FORMAT = "dwarf-with-dsym";
				FRAMEWORK_SEARCH_PATHS = (
					"$(inherited)",
					"\"$(SRCROOT)\"",
				);
				GCC_PREFIX_HEADER = HockeySDKMacDemo_Prefix.pch;
				GCC_WARN_ABOUT_RETURN_TYPE = YES;
				GCC_WARN_UNUSED_VARIABLE = YES;
				MACOSX_DEPLOYMENT_TARGET = 10.5;
				PRODUCT_NAME = HockeySDKMacDemo;
				SDKROOT = macosx;
			};
			name = Debug;
		};
		1DEB91B308733DA50010E9CD /* Release */ = {
			isa = XCBuildConfiguration;
			buildSettings = {
				ARCHS = "$(ARCHS_STANDARD_32_64_BIT)";
				DEBUG_INFORMATION_FORMAT = "dwarf-with-dsym";
				FRAMEWORK_SEARCH_PATHS = (
					"$(inherited)",
					"\"$(SRCROOT)\"",
				);
				GCC_PREFIX_HEADER = HockeySDKMacDemo_Prefix.pch;
				GCC_WARN_ABOUT_RETURN_TYPE = YES;
				GCC_WARN_UNUSED_VARIABLE = YES;
				MACOSX_DEPLOYMENT_TARGET = 10.5;
				PRODUCT_NAME = HockeySDKMacDemo;
				SDKROOT = macosx;
			};
			name = Release;
		};
		1EB6126A102B779300B206A7 /* Debug */ = {
			isa = XCBuildConfiguration;
			buildSettings = {
				ALWAYS_SEARCH_USER_PATHS = NO;
				COPY_PHASE_STRIP = NO;
				FRAMEWORK_SEARCH_PATHS = (
					"$(inherited)",
					"\"$(SRCROOT)/Vendor\"",
				);
				GCC_DYNAMIC_NO_PIC = NO;
				GCC_MODEL_TUNING = G5;
				GCC_OPTIMIZATION_LEVEL = 0;
				GCC_PRECOMPILE_PREFIX_HEADER = YES;
				GCC_PREFIX_HEADER = "$(SYSTEM_LIBRARY_DIR)/Frameworks/AppKit.framework/Headers/AppKit.h";
				INFOPLIST_FILE = "Resources/HockeySDKMacDemo-Info.plist";
				INSTALL_PATH = "$(HOME)/Applications";
				OTHER_LDFLAGS = (
					"-framework",
					Foundation,
					"-framework",
					AppKit,
				);
				PRODUCT_NAME = HockeySDKMacDemo;
			};
			name = Debug;
		};
		1EB6126B102B779300B206A7 /* Release */ = {
			isa = XCBuildConfiguration;
			buildSettings = {
				ALWAYS_SEARCH_USER_PATHS = NO;
				COPY_PHASE_STRIP = YES;
				DEBUG_INFORMATION_FORMAT = "dwarf-with-dsym";
				FRAMEWORK_SEARCH_PATHS = (
					"$(inherited)",
					"\"$(SRCROOT)/Vendor\"",
				);
				GCC_MODEL_TUNING = G5;
				GCC_PRECOMPILE_PREFIX_HEADER = YES;
				GCC_PREFIX_HEADER = "$(SYSTEM_LIBRARY_DIR)/Frameworks/AppKit.framework/Headers/AppKit.h";
				INFOPLIST_FILE = "Resources/HockeySDKMacDemo-Info.plist";
				INSTALL_PATH = "$(HOME)/Applications";
				OTHER_LDFLAGS = (
					"-framework",
					Foundation,
					"-framework",
					AppKit,
				);
				PRODUCT_NAME = HockeySDKMacDemo;
				ZERO_LINK = NO;
			};
			name = Release;
		};
/* End XCBuildConfiguration section */

/* Begin XCConfigurationList section */
		1DEB91B108733DA50010E9CD /* Build configuration list for PBXProject "HockeySDKMacDemo" */ = {
			isa = XCConfigurationList;
			buildConfigurations = (
				1DEB91B208733DA50010E9CD /* Debug */,
				1DEB91B308733DA50010E9CD /* Release */,
			);
			defaultConfigurationIsVisible = 0;
			defaultConfigurationName = Release;
		};
		1EB6126C102B779300B206A7 /* Build configuration list for PBXNativeTarget "HockeySDKMacDemo" */ = {
			isa = XCConfigurationList;
			buildConfigurations = (
				1EB6126A102B779300B206A7 /* Debug */,
				1EB6126B102B779300B206A7 /* Release */,
			);
			defaultConfigurationIsVisible = 0;
			defaultConfigurationName = Release;
		};
/* End XCConfigurationList section */
	};
	rootObject = 0867D690FE84028FC02AAC07 /* Project object */;
}
